
Microsoft Visual Studio Solution File, Format Version 12.00
# Visual Studio Version 16
VisualStudioVersion = 16.0.29409.12
MinimumVisualStudioVersion = 10.0.40219.1
Project("{888888A0-9F3D-457C-B088-3A5042F75D52}") = "pythonhesapmak", "pythonhesapmak\pythonhesapmak.pyproj", "{0831D0A7-C2A6-4D8F-B420-33BBACA0F29E}"
EndProject
Global
	GlobalSection(SolutionConfigurationPlatforms) = preSolution
		Debug|Any CPU = Debug|Any CPU
		Release|Any CPU = Release|Any CPU
	EndGlobalSection
	GlobalSection(ProjectConfigurationPlatforms) = postSolution
		{0831D0A7-C2A6-4D8F-B420-33BBACA0F29E}.Debug|Any CPU.ActiveCfg = Debug|Any CPU
		{0831D0A7-C2A6-4D8F-B420-33BBACA0F29E}.Release|Any CPU.ActiveCfg = Release|Any CPU
	EndGlobalSection
	GlobalSection(SolutionProperties) = preSolution
		HideSolutionNode = FALSE
	EndGlobalSection
	GlobalSection(ExtensibilityGlobals) = postSolution
		SolutionGuid = {848F9761-6820-43FB-B0A2-45FBEF58B8F2}
	EndGlobalSection
EndGlobal
